Microsoft Visual Studio Solution File, Format Version 12.00
# Visual Studio 15
VisualStudioVersion = 15.0.27130.2027
MinimumVisualStudioVersion = 10.0.40219.1
Project("{6EC3EE1D-3C4E-46DD-8F32-0CC8E7565705}") = "F_Sharp_1", "F_Sharp_1\F_Sharp_1.fsproj", "{80852931-2F59-4116-BC2C-B882E9580EFA}"
EndProject
Project("{6EC3EE1D-3C4E-46DD-8F32-0CC8E7565705}") = "F_Sharp_2", "F_Sharp_2\F_Sharp_2.fsproj", "{637F127E-8AB0-457C-94B8-9264CADE7F19}"
EndProject
Project("{6EC3EE1D-3C4E-46DD-8F32-0CC8E7565705}") = "F_Sharp_3", "F_Sharp_3\F_Sharp_3.fsproj", "{50D7E057-0B86-48FB-8BF0-63465905877E}"
EndProject
Project("{6EC3EE1D-3C4E-46DD-8F32-0CC8E7565705}") = "F_Sharp_3.Test", "F_Sharp_3.Test\F_Sharp_3.Test.fsproj", "{AD169F82-41A0-4DC3-8D64-6509320F5ED8}"
EndProject
Project("{6EC3EE1D-3C4E-46DD-8F32-0CC8E7565705}") = "F_Sharp_4", "F_Sharp_4\F_Sharp_4.fsproj", "{852352B3-CEF5-4323-B5B0-9707A08B6593}"
EndProject
Project("{F2A71F9B-5D33-465A-A702-920D77279786}") = "F_Sharp_5", "F_Sharp_5\F_Sharp_5.fsproj", "{0ABCC1E0-5D68-48A2-BC05-F82934AD1E00}"
EndProject
Global
	GlobalSection(SolutionConfigurationPlatforms) = preSolution
		Debug|Any CPU = Debug|Any CPU
		Debug|x64 = Debug|x64
		Debug|x86 = Debug|x86
		Release|Any CPU = Release|Any CPU
		Release|x64 = Release|x64
		Release|x86 = Release|x86
	EndGlobalSection
	GlobalSection(ProjectConfigurationPlatforms) = postSolution
		{80852931-2F59-4116-BC2C-B882E9580EFA}.Debug|Any CPU.ActiveCfg = Debug|Any CPU
		{80852931-2F59-4116-BC2C-B882E9580EFA}.Debug|Any CPU.Build.0 = Debug|Any CPU
		{80852931-2F59-4116-BC2C-B882E9580EFA}.Debug|x64.ActiveCfg = Debug|Any CPU
		{80852931-2F59-4116-BC2C-B882E9580EFA}.Debug|x64.Build.0 = Debug|Any CPU
		{80852931-2F59-4116-BC2C-B882E9580EFA}.Debug|x86.ActiveCfg = Debug|Any CPU
		{80852931-2F59-4116-BC2C-B882E9580EFA}.Debug|x86.Build.0 = Debug|Any CPU
		{80852931-2F59-4116-BC2C-B882E9580EFA}.Release|Any CPU.ActiveCfg = Release|Any CPU
		{80852931-2F59-4116-BC2C-B882E9580EFA}.Release|Any CPU.Build.0 = Release|Any CPU
		{80852931-2F59-4116-BC2C-B882E9580EFA}.Release|x64.ActiveCfg = Release|Any CPU
		{80852931-2F59-4116-BC2C-B882E9580EFA}.Release|x64.Build.0 = Release|Any CPU
		{80852931-2F59-4116-BC2C-B882E9580EFA}.Release|x86.ActiveCfg = Release|Any CPU
		{80852931-2F59-4116-BC2C-B882E9580EFA}.Release|x86.Build.0 = Release|Any CPU
		{637F127E-8AB0-457C-94B8-9264CADE7F19}.Debug|Any CPU.ActiveCfg = Debug|Any CPU
		{637F127E-8AB0-457C-94B8-9264CADE7F19}.Debug|Any CPU.Build.0 = Debug|Any CPU
		{637F127E-8AB0-457C-94B8-9264CADE7F19}.Debug|x64.ActiveCfg = Debug|Any CPU
		{637F127E-8AB0-457C-94B8-9264CADE7F19}.Debug|x64.Build.0 = Debug|Any CPU
		{637F127E-8AB0-457C-94B8-9264CADE7F19}.Debug|x86.ActiveCfg = Debug|Any CPU
		{637F127E-8AB0-457C-94B8-9264CADE7F19}.Debug|x86.Build.0 = Debug|Any CPU
		{637F127E-8AB0-457C-94B8-9264CADE7F19}.Release|Any CPU.ActiveCfg = Release|Any CPU
		{637F127E-8AB0-457C-94B8-9264CADE7F19}.Release|Any CPU.Build.0 = Release|Any CPU
		{637F127E-8AB0-457C-94B8-9264CADE7F19}.Release|x64.ActiveCfg = Release|Any CPU
		{637F127E-8AB0-457C-94B8-9264CADE7F19}.Release|x64.Build.0 = Release|Any CPU
		{637F127E-8AB0-457C-94B8-9264CADE7F19}.Release|x86.ActiveCfg = Release|Any CPU
		{637F127E-8AB0-457C-94B8-9264CADE7F19}.Release|x86.Build.0 = Release|Any CPU
		{50D7E057-0B86-48FB-8BF0-63465905877E}.Debug|Any CPU.ActiveCfg = Debug|Any CPU
		{50D7E057-0B86-48FB-8BF0-63465905877E}.Debug|Any CPU.Build.0 = Debug|Any CPU
		{50D7E057-0B86-48FB-8BF0-63465905877E}.Debug|x64.ActiveCfg = Debug|Any CPU
		{50D7E057-0B86-48FB-8BF0-63465905877E}.Debug|x64.Build.0 = Debug|Any CPU
		{50D7E057-0B86-48FB-8BF0-63465905877E}.Debug|x86.ActiveCfg = Debug|Any CPU
		{50D7E057-0B86-48FB-8BF0-63465905877E}.Debug|x86.Build.0 = Debug|Any CPU
		{50D7E057-0B86-48FB-8BF0-63465905877E}.Release|Any CPU.ActiveCfg = Release|Any CPU
		{50D7E057-0B86-48FB-8BF0-63465905877E}.Release|Any CPU.Build.0 = Release|Any CPU
		{50D7E057-0B86-48FB-8BF0-63465905877E}.Release|x64.ActiveCfg = Release|Any CPU
		{50D7E057-0B86-48FB-8BF0-63465905877E}.Release|x64.Build.0 = Release|Any CPU
		{50D7E057-0B86-48FB-8BF0-63465905877E}.Release|x86.ActiveCfg = Release|Any CPU
		{50D7E057-0B86-48FB-8BF0-63465905877E}.Release|x86.Build.0 = Release|Any CPU
		{AD169F82-41A0-4DC3-8D64-6509320F5ED8}.Debug|Any CPU.ActiveCfg = Debug|Any CPU
		{AD169F82-41A0-4DC3-8D64-6509320F5ED8}.Debug|Any CPU.Build.0 = Debug|Any CPU
		{AD169F82-41A0-4DC3-8D64-6509320F5ED8}.Debug|x64.ActiveCfg = Debug|Any CPU
		{AD169F82-41A0-4DC3-8D64-6509320F5ED8}.Debug|x64.Build.0 = Debug|Any CPU
		{AD169F82-41A0-4DC3-8D64-6509320F5ED8}.Debug|x86.ActiveCfg = Debug|Any CPU
		{AD169F82-41A0-4DC3-8D64-6509320F5ED8}.Debug|x86.Build.0 = Debug|Any CPU
		{AD169F82-41A0-4DC3-8D64-6509320F5ED8}.Release|Any CPU.ActiveCfg = Release|Any CPU
		{AD169F82-41A0-4DC3-8D64-6509320F5ED8}.Release|Any CPU.Build.0 = Release|Any CPU
		{AD169F82-41A0-4DC3-8D64-6509320F5ED8}.Release|x64.ActiveCfg = Release|Any CPU
		{AD169F82-41A0-4DC3-8D64-6509320F5ED8}.Release|x64.Build.0 = Release|Any CPU
		{AD169F82-41A0-4DC3-8D64-6509320F5ED8}.Release|x86.ActiveCfg = Release|Any CPU
		{AD169F82-41A0-4DC3-8D64-6509320F5ED8}.Release|x86.Build.0 = Release|Any CPU
		{852352B3-CEF5-4323-B5B0-9707A08B6593}.Debug|Any CPU.ActiveCfg = Debug|Any CPU
		{852352B3-CEF5-4323-B5B0-9707A08B6593}.Debug|Any CPU.Build.0 = Debug|Any CPU
		{852352B3-CEF5-4323-B5B0-9707A08B6593}.Debug|x64.ActiveCfg = Debug|Any CPU
		{852352B3-CEF5-4323-B5B0-9707A08B6593}.Debug|x64.Build.0 = Debug|Any CPU
		{852352B3-CEF5-4323-B5B0-9707A08B6593}.Debug|x86.ActiveCfg = Debug|Any CPU
		{852352B3-CEF5-4323-B5B0-9707A08B6593}.Debug|x86.Build.0 = Debug|Any CPU
		{852352B3-CEF5-4323-B5B0-9707A08B6593}.Release|Any CPU.ActiveCfg = Release|Any CPU
		{852352B3-CEF5-4323-B5B0-9707A08B6593}.Release|Any CPU.Build.0 = Release|Any CPU
		{852352B3-CEF5-4323-B5B0-9707A08B6593}.Release|x64.ActiveCfg = Release|Any CPU
		{852352B3-CEF5-4323-B5B0-9707A08B6593}.Release|x64.Build.0 = Release|Any CPU
		{852352B3-CEF5-4323-B5B0-9707A08B6593}.Release|x86.ActiveCfg = Release|Any CPU
		{852352B3-CEF5-4323-B5B0-9707A08B6593}.Release|x86.Build.0 = Release|Any CPU
		{0ABCC1E0-5D68-48A2-BC05-F82934AD1E00}.Debug|Any CPU.ActiveCfg = Debug|Any CPU
		{0ABCC1E0-5D68-48A2-BC05-F82934AD1E00}.Debug|Any CPU.Build.0 = Debug|Any CPU
		{0ABCC1E0-5D68-48A2-BC05-F82934AD1E00}.Debug|x64.ActiveCfg = Debug|Any CPU
		{0ABCC1E0-5D68-48A2-BC05-F82934AD1E00}.Debug|x64.Build.0 = Debug|Any CPU
		{0ABCC1E0-5D68-48A2-BC05-F82934AD1E00}.Debug|x86.ActiveCfg = Debug|Any CPU
		{0ABCC1E0-5D68-48A2-BC05-F82934AD1E00}.Debug|x86.Build.0 = Debug|Any CPU
		{0ABCC1E0-5D68-48A2-BC05-F82934AD1E00}.Release|Any CPU.ActiveCfg = Release|Any CPU
		{0ABCC1E0-5D68-48A2-BC05-F82934AD1E00}.Release|Any CPU.Build.0 = Release|Any CPU
		{0ABCC1E0-5D68-48A2-BC05-F82934AD1E00}.Release|x64.ActiveCfg = Release|Any CPU
		{0ABCC1E0-5D68-48A2-BC05-F82934AD1E00}.Release|x64.Build.0 = Release|Any CPU
		{0ABCC1E0-5D68-48A2-BC05-F82934AD1E00}.Release|x86.ActiveCfg = Release|Any CPU
		{0ABCC1E0-5D68-48A2-BC05-F82934AD1E00}.Release|x86.Build.0 = Release|Any CPU
	EndGlobalSection
	GlobalSection(SolutionProperties) = preSolution
		HideSolutionNode = FALSE
	EndGlobalSection
	GlobalSection(ExtensibilityGlobals) = postSolution
		SolutionGuid = {E592A315-BF40-4C3E-B2D0-DF578A44EAFA}
	EndGlobalSection
EndGlobal
